
Microsoft Visual Studio Solution File, Format Version 12.00
# Visual Studio Version 16
VisualStudioVersion = 16.0.30002.166
MinimumVisualStudioVersion = 10.0.40219.1
Project("{FAE04EC0-301F-11D3-BF4B-00C04F79EFBC}") = "Wray_Personal_Portfolio", "Wray_Personal_Portfolio\Wray_Personal_Portfolio.csproj", "{B9D25CB2-C4CB-4D2D-AD8C-A6C2AC1A56C7}"
EndProject
Global
	GlobalSection(SolutionConfigurationPlatforms) = preSolution
		Debug|Any CPU = Debug|Any CPU
		Release|Any CPU = Release|Any CPU
	EndGlobalSection
	GlobalSection(ProjectConfigurationPlatforms) = postSolution
		{B9D25CB2-C4CB-4D2D-AD8C-A6C2AC1A56C7}.Debug|Any CPU.ActiveCfg = Debug|Any CPU
		{B9D25CB2-C4CB-4D2D-AD8C-A6C2AC1A56C7}.Debug|Any CPU.Build.0 = Debug|Any CPU
		{B9D25CB2-C4CB-4D2D-AD8C-A6C2AC1A56C7}.Release|Any CPU.ActiveCfg = Release|Any CPU
		{B9D25CB2-C4CB-4D2D-AD8C-A6C2AC1A56C7}.Release|Any CPU.Build.0 = Release|Any CPU
	EndGlobalSection
	GlobalSection(SolutionProperties) = preSolution
		HideSolutionNode = FALSE
	EndGlobalSection
	GlobalSection(ExtensibilityGlobals) = postSolution
		SolutionGuid = {506EFF93-5E91-458C-B937-851104742187}
	EndGlobalSection
EndGlobal
